
Microsoft Visual Studio Solution File, Format Version 12.00
# Visual Studio Version 17
VisualStudioVersion = 17.2.32616.157
MinimumVisualStudioVersion = 10.0.40219.1
Project("{9A19103F-16F7-4668-BE54-9A1E7A4F7556}") = "Core", "Core\Core.csproj", "{2F87F51C-E3B4-4AE5-944B-E264E012DE50}"
EndProject
Project("{9A19103F-16F7-4668-BE54-9A1E7A4F7556}") = "DataAccess", "DataAccess\DataAccess.csproj", "{0275C1C6-341D-499D-A51E-AC5D4F327222}"
EndProject
Project("{9A19103F-16F7-4668-BE54-9A1E7A4F7556}") = "SlaeSolverTests", "SlaeSolverTests\SlaeSolverTests.csproj", "{B6FC47E7-4DA8-42D9-9F87-B059BDEBFCF2}"
EndProject
Project("{9A19103F-16F7-4668-BE54-9A1E7A4F7556}") = "Server", "Server\Server.csproj", "{792A98EE-F575-420E-AC59-5A32A6B4417D}"
EndProject
Project("{9A19103F-16F7-4668-BE54-9A1E7A4F7556}") = "Client", "Client\Client.csproj", "{A923A07B-B95C-4D7C-BADC-631A10634BE5}"
EndProject
Project("{2150E333-8FDC-42A3-9474-1A3956D46DE8}") = "Solution Items", "Solution Items", "{13D64016-B6CD-40EE-9DC6-455E781EF95E}"
	ProjectSection(SolutionItems) = preProject
		.editorconfig = .editorconfig
	EndProjectSection
EndProject
Global
	GlobalSection(SolutionConfigurationPlatforms) = preSolution
		Debug|Any CPU = Debug|Any CPU
		Release|Any CPU = Release|Any CPU
	EndGlobalSection
	GlobalSection(ProjectConfigurationPlatforms) = postSolution
		{2F87F51C-E3B4-4AE5-944B-E264E012DE50}.Debug|Any CPU.ActiveCfg = Debug|Any CPU
		{2F87F51C-E3B4-4AE5-944B-E264E012DE50}.Debug|Any CPU.Build.0 = Debug|Any CPU
		{2F87F51C-E3B4-4AE5-944B-E264E012DE50}.Release|Any CPU.ActiveCfg = Release|Any CPU
		{2F87F51C-E3B4-4AE5-944B-E264E012DE50}.Release|Any CPU.Build.0 = Release|Any CPU
		{0275C1C6-341D-499D-A51E-AC5D4F327222}.Debug|Any CPU.ActiveCfg = Debug|Any CPU
		{0275C1C6-341D-499D-A51E-AC5D4F327222}.Debug|Any CPU.Build.0 = Debug|Any CPU
		{0275C1C6-341D-499D-A51E-AC5D4F327222}.Release|Any CPU.ActiveCfg = Release|Any CPU
		{0275C1C6-341D-499D-A51E-AC5D4F327222}.Release|Any CPU.Build.0 = Release|Any CPU
		{B6FC47E7-4DA8-42D9-9F87-B059BDEBFCF2}.Debug|Any CPU.ActiveCfg = Debug|Any CPU
		{B6FC47E7-4DA8-42D9-9F87-B059BDEBFCF2}.Debug|Any CPU.Build.0 = Debug|Any CPU
		{B6FC47E7-4DA8-42D9-9F87-B059BDEBFCF2}.Release|Any CPU.ActiveCfg = Release|Any CPU
		{B6FC47E7-4DA8-42D9-9F87-B059BDEBFCF2}.Release|Any CPU.Build.0 = Release|Any CPU
		{792A98EE-F575-420E-AC59-5A32A6B4417D}.Debug|Any CPU.ActiveCfg = Debug|Any CPU
		{792A98EE-F575-420E-AC59-5A32A6B4417D}.Debug|Any CPU.Build.0 = Debug|Any CPU
		{792A98EE-F575-420E-AC59-5A32A6B4417D}.Release|Any CPU.ActiveCfg = Release|Any CPU
		{792A98EE-F575-420E-AC59-5A32A6B4417D}.Release|Any CPU.Build.0 = Release|Any CPU
		{A923A07B-B95C-4D7C-BADC-631A10634BE5}.Debug|Any CPU.ActiveCfg = Debug|Any CPU
		{A923A07B-B95C-4D7C-BADC-631A10634BE5}.Debug|Any CPU.Build.0 = Debug|Any CPU
		{A923A07B-B95C-4D7C-BADC-631A10634BE5}.Release|Any CPU.ActiveCfg = Release|Any CPU
		{A923A07B-B95C-4D7C-BADC-631A10634BE5}.Release|Any CPU.Build.0 = Release|Any CPU
	EndGlobalSection
	GlobalSection(SolutionProperties) = preSolution
		HideSolutionNode = FALSE
	EndGlobalSection
	GlobalSection(ExtensibilityGlobals) = postSolution
		SolutionGuid = {1CBD104C-B311-4ADE-BFEF-3310070BBA49}
	EndGlobalSection
EndGlobal
